
Microsoft Visual Studio Solution File, Format Version 12.00
# Visual Studio 15
VisualStudioVersion = 15.0.28307.1831
MinimumVisualStudioVersion = 10.0.40219.1
Project("{FAE04EC0-301F-11D3-BF4B-00C04F79EFBC}") = "PRG2_20202_P4_2_3_69", "PRG2_20202_P4_2_3_69\PRG2_20202_P4_2_3_69.csproj", "{7C797479-E3CF-4900-B9AA-DF0CDFB95B0C}"
EndProject
Global
	GlobalSection(SolutionConfigurationPlatforms) = preSolution
		Debug|Any CPU = Debug|Any CPU
		Release|Any CPU = Release|Any CPU
	EndGlobalSection
	GlobalSection(ProjectConfigurationPlatforms) = postSolution
		{7C797479-E3CF-4900-B9AA-DF0CDFB95B0C}.Debug|Any CPU.ActiveCfg = Debug|Any CPU
		{7C797479-E3CF-4900-B9AA-DF0CDFB95B0C}.Debug|Any CPU.Build.0 = Debug|Any CPU
		{7C797479-E3CF-4900-B9AA-DF0CDFB95B0C}.Release|Any CPU.ActiveCfg = Release|Any CPU
		{7C797479-E3CF-4900-B9AA-DF0CDFB95B0C}.Release|Any CPU.Build.0 = Release|Any CPU
	EndGlobalSection
	GlobalSection(SolutionProperties) = preSolution
		HideSolutionNode = FALSE
	EndGlobalSection
	GlobalSection(ExtensibilityGlobals) = postSolution
		SolutionGuid = {6773D7C7-E006-48BB-A396-212119A49982}
	EndGlobalSection
EndGlobal
